
Microsoft Visual Studio Solution File, Format Version 12.00
# Visual Studio Version 17
VisualStudioVersion = 17.0.31903.59
MinimumVisualStudioVersion = 10.0.40219.1
Project("{FAE04EC0-301F-11D3-BF4B-00C04F79EFBC}") = "Sancho.API", "Sancho.API\Sancho.API.csproj", "{9F7CFB4B-2538-41DB-93A9-173E4412B419}"
EndProject
Project("{FAE04EC0-301F-11D3-BF4B-00C04F79EFBC}") = "Sancho.Shared", "Sancho.Shared\Sancho.Shared.csproj", "{2D4CE288-A782-4352-8D26-2FBFB61FC6E1}"
EndProject
Project("{FAE04EC0-301F-11D3-BF4B-00C04F79EFBC}") = "Sancho.Infrastructure", "Sancho.Infrastructure\Sancho.Infrastructure.csproj", "{40CD16F6-DEA6-45A5-9325-19C0C1B8D9F2}"
EndProject
Project("{2150E333-8FDC-42A3-9474-1A3956D46DE8}") = "Sancho.Modules", "Sancho.Modules", "{0DCD476A-4403-6650-C269-41A447A0F790}"
EndProject
Project("{FAE04EC0-301F-11D3-BF4B-00C04F79EFBC}") = "Identity", "Sancho.Modules\Identity\Identity.csproj", "{F7069733-8BF7-436E-A40F-8698DE876433}"
EndProject
Project("{FAE04EC0-301F-11D3-BF4B-00C04F79EFBC}") = "EventManagement", "Sancho.Modules\EventManagement\EventManagement.csproj", "{CAE5300A-F010-458F-80FF-35DF2769F344}"
EndProject
Project("{FAE04EC0-301F-11D3-BF4B-00C04F79EFBC}") = "Character", "Sancho.Modules\Character\Character.csproj", "{239314D5-218C-4946-A4FA-E542798CB622}"
EndProject
Project("{FAE04EC0-301F-11D3-BF4B-00C04F79EFBC}") = "Narrative", "Sancho.Modules\Narrative\Narrative.csproj", "{0382B90B-F346-40C5-9B80-F759887915EF}"
EndProject
Project("{FAE04EC0-301F-11D3-BF4B-00C04F79EFBC}") = "Logistics", "Sancho.Modules\Logistics\Logistics.csproj", "{3BFD9C69-783A-4BE4-AB55-AF089113D0E6}"
EndProject
Project("{FAE04EC0-301F-11D3-BF4B-00C04F79EFBC}") = "NpcOrg", "Sancho.Modules\NpcOrg\NpcOrg.csproj", "{8179845F-C217-4B22-BB24-68CC54889AF8}"
EndProject
Project("{FAE04EC0-301F-11D3-BF4B-00C04F79EFBC}") = "Finance", "Sancho.Modules\Finance\Finance.csproj", "{A3444C73-2245-44E9-AA14-A1C01719E8DD}"
EndProject
Project("{FAE04EC0-301F-11D3-BF4B-00C04F79EFBC}") = "Communications", "Sancho.Modules\Communications\Communications.csproj", "{69DFE969-041D-4550-AE0D-9844EEA86B28}"
EndProject
Project("{FAE04EC0-301F-11D3-BF4B-00C04F79EFBC}") = "User", "Sancho.Modules\User\User.csproj", "{2508D1DC-0EE3-47B1-B9C7-2A3E73B14F59}"
EndProject
Project("{FAE04EC0-301F-11D3-BF4B-00C04F79EFBC}") = "Narrative.Tests", "Sancho.Modules\Narrative.Tests\Narrative.Tests.csproj", "{2A74C0A3-120A-4217-B7C8-D5BF4686983E}"
EndProject
Project("{FAE04EC0-301F-11D3-BF4B-00C04F79EFBC}") = "EventManagement.Tests", "Sancho.Modules\EventManagement.Tests\EventManagement.Tests.csproj", "{1701FC90-0BFE-4A5A-8981-0FE90E74070E}"
EndProject
Project("{FAE04EC0-301F-11D3-BF4B-00C04F79EFBC}") = "Identity.Tests", "Sancho.Modules\Identity.Tests\Identity.Tests.csproj", "{60FAEDA6-9B1F-4238-A542-D72FFB16A3EA}"
EndProject
Global
	GlobalSection(SolutionConfigurationPlatforms) = preSolution
		Debug|Any CPU = Debug|Any CPU
		Debug|x64 = Debug|x64
		Debug|x86 = Debug|x86
		Release|Any CPU = Release|Any CPU
		Release|x64 = Release|x64
		Release|x86 = Release|x86
	EndGlobalSection
	GlobalSection(ProjectConfigurationPlatforms) = postSolution
		{9F7CFB4B-2538-41DB-93A9-173E4412B419}.Debug|Any CPU.ActiveCfg = Debug|Any CPU
		{9F7CFB4B-2538-41DB-93A9-173E4412B419}.Debug|Any CPU.Build.0 = Debug|Any CPU
		{9F7CFB4B-2538-41DB-93A9-173E4412B419}.Debug|x64.ActiveCfg = Debug|Any CPU
		{9F7CFB4B-2538-41DB-93A9-173E4412B419}.Debug|x64.Build.0 = Debug|Any CPU
		{9F7CFB4B-2538-41DB-93A9-173E4412B419}.Debug|x86.ActiveCfg = Debug|Any CPU
		{9F7CFB4B-2538-41DB-93A9-173E4412B419}.Debug|x86.Build.0 = Debug|Any CPU
		{9F7CFB4B-2538-41DB-93A9-173E4412B419}.Release|Any CPU.ActiveCfg = Release|Any CPU
		{9F7CFB4B-2538-41DB-93A9-173E4412B419}.Release|Any CPU.Build.0 = Release|Any CPU
		{9F7CFB4B-2538-41DB-93A9-173E4412B419}.Release|x64.ActiveCfg = Release|Any CPU
		{9F7CFB4B-2538-41DB-93A9-173E4412B419}.Release|x64.Build.0 = Release|Any CPU
		{9F7CFB4B-2538-41DB-93A9-173E4412B419}.Release|x86.ActiveCfg = Release|Any CPU
		{9F7CFB4B-2538-41DB-93A9-173E4412B419}.Release|x86.Build.0 = Release|Any CPU
		{2D4CE288-A782-4352-8D26-2FBFB61FC6E1}.Debug|Any CPU.ActiveCfg = Debug|Any CPU
		{2D4CE288-A782-4352-8D26-2FBFB61FC6E1}.Debug|Any CPU.Build.0 = Debug|Any CPU
		{2D4CE288-A782-4352-8D26-2FBFB61FC6E1}.Debug|x64.ActiveCfg = Debug|Any CPU
		{2D4CE288-A782-4352-8D26-2FBFB61FC6E1}.Debug|x64.Build.0 = Debug|Any CPU
		{2D4CE288-A782-4352-8D26-2FBFB61FC6E1}.Debug|x86.ActiveCfg = Debug|Any CPU
		{2D4CE288-A782-4352-8D26-2FBFB61FC6E1}.Debug|x86.Build.0 = Debug|Any CPU
		{2D4CE288-A782-4352-8D26-2FBFB61FC6E1}.Release|Any CPU.ActiveCfg = Release|Any CPU
		{2D4CE288-A782-4352-8D26-2FBFB61FC6E1}.Release|Any CPU.Build.0 = Release|Any CPU
		{2D4CE288-A782-4352-8D26-2FBFB61FC6E1}.Release|x64.ActiveCfg = Release|Any CPU
		{2D4CE288-A782-4352-8D26-2FBFB61FC6E1}.Release|x64.Build.0 = Release|Any CPU
		{2D4CE288-A782-4352-8D26-2FBFB61FC6E1}.Release|x86.ActiveCfg = Release|Any CPU
		{2D4CE288-A782-4352-8D26-2FBFB61FC6E1}.Release|x86.Build.0 = Release|Any CPU
		{40CD16F6-DEA6-45A5-9325-19C0C1B8D9F2}.Debug|Any CPU.ActiveCfg = Debug|Any CPU
		{40CD16F6-DEA6-45A5-9325-19C0C1B8D9F2}.Debug|Any CPU.Build.0 = Debug|Any CPU
		{40CD16F6-DEA6-45A5-9325-19C0C1B8D9F2}.Debug|x64.ActiveCfg = Debug|Any CPU
		{40CD16F6-DEA6-45A5-9325-19C0C1B8D9F2}.Debug|x64.Build.0 = Debug|Any CPU
		{40CD16F6-DEA6-45A5-9325-19C0C1B8D9F2}.Debug|x86.ActiveCfg = Debug|Any CPU
		{40CD16F6-DEA6-45A5-9325-19C0C1B8D9F2}.Debug|x86.Build.0 = Debug|Any CPU
		{40CD16F6-DEA6-45A5-9325-19C0C1B8D9F2}.Release|Any CPU.ActiveCfg = Release|Any CPU
		{40CD16F6-DEA6-45A5-9325-19C0C1B8D9F2}.Release|Any CPU.Build.0 = Release|Any CPU
		{40CD16F6-DEA6-45A5-9325-19C0C1B8D9F2}.Release|x64.ActiveCfg = Release|Any CPU
		{40CD16F6-DEA6-45A5-9325-19C0C1B8D9F2}.Release|x64.Build.0 = Release|Any CPU
		{40CD16F6-DEA6-45A5-9325-19C0C1B8D9F2}.Release|x86.ActiveCfg = Release|Any CPU
		{40CD16F6-DEA6-45A5-9325-19C0C1B8D9F2}.Release|x86.Build.0 = Release|Any CPU
		{F7069733-8BF7-436E-A40F-8698DE876433}.Debug|Any CPU.ActiveCfg = Debug|Any CPU
		{F7069733-8BF7-436E-A40F-8698DE876433}.Debug|Any CPU.Build.0 = Debug|Any CPU
		{F7069733-8BF7-436E-A40F-8698DE876433}.Debug|x64.ActiveCfg = Debug|Any CPU
		{F7069733-8BF7-436E-A40F-8698DE876433}.Debug|x64.Build.0 = Debug|Any CPU
		{F7069733-8BF7-436E-A40F-8698DE876433}.Debug|x86.ActiveCfg = Debug|Any CPU
		{F7069733-8BF7-436E-A40F-8698DE876433}.Debug|x86.Build.0 = Debug|Any CPU
		{F7069733-8BF7-436E-A40F-8698DE876433}.Release|Any CPU.ActiveCfg = Release|Any CPU
		{F7069733-8BF7-436E-A40F-8698DE876433}.Release|Any CPU.Build.0 = Release|Any CPU
		{F7069733-8BF7-436E-A40F-8698DE876433}.Release|x64.ActiveCfg = Release|Any CPU
		{F7069733-8BF7-436E-A40F-8698DE876433}.Release|x64.Build.0 = Release|Any CPU
		{F7069733-8BF7-436E-A40F-8698DE876433}.Release|x86.ActiveCfg = Release|Any CPU
		{F7069733-8BF7-436E-A40F-8698DE876433}.Release|x86.Build.0 = Release|Any CPU
		{CAE5300A-F010-458F-80FF-35DF2769F344}.Debug|Any CPU.ActiveCfg = Debug|Any CPU
		{CAE5300A-F010-458F-80FF-35DF2769F344}.Debug|Any CPU.Build.0 = Debug|Any CPU
		{CAE5300A-F010-458F-80FF-35DF2769F344}.Debug|x64.ActiveCfg = Debug|Any CPU
		{CAE5300A-F010-458F-80FF-35DF2769F344}.Debug|x64.Build.0 = Debug|Any CPU
		{CAE5300A-F010-458F-80FF-35DF2769F344}.Debug|x86.ActiveCfg = Debug|Any CPU
		{CAE5300A-F010-458F-80FF-35DF2769F344}.Debug|x86.Build.0 = Debug|Any CPU
		{CAE5300A-F010-458F-80FF-35DF2769F344}.Release|Any CPU.ActiveCfg = Release|Any CPU
		{CAE5300A-F010-458F-80FF-35DF2769F344}.Release|Any CPU.Build.0 = Release|Any CPU
		{CAE5300A-F010-458F-80FF-35DF2769F344}.Release|x64.ActiveCfg = Release|Any CPU
		{CAE5300A-F010-458F-80FF-35DF2769F344}.Release|x64.Build.0 = Release|Any CPU
		{CAE5300A-F010-458F-80FF-35DF2769F344}.Release|x86.ActiveCfg = Release|Any CPU
		{CAE5300A-F010-458F-80FF-35DF2769F344}.Release|x86.Build.0 = Release|Any CPU
		{239314D5-218C-4946-A4FA-E542798CB622}.Debug|Any CPU.ActiveCfg = Debug|Any CPU
		{239314D5-218C-4946-A4FA-E542798CB622}.Debug|Any CPU.Build.0 = Debug|Any CPU
		{239314D5-218C-4946-A4FA-E542798CB622}.Debug|x64.ActiveCfg = Debug|Any CPU
		{239314D5-218C-4946-A4FA-E542798CB622}.Debug|x64.Build.0 = Debug|Any CPU
		{239314D5-218C-4946-A4FA-E542798CB622}.Debug|x86.ActiveCfg = Debug|Any CPU
		{239314D5-218C-4946-A4FA-E542798CB622}.Debug|x86.Build.0 = Debug|Any CPU
		{239314D5-218C-4946-A4FA-E542798CB622}.Release|Any CPU.ActiveCfg = Release|Any CPU
		{239314D5-218C-4946-A4FA-E542798CB622}.Release|Any CPU.Build.0 = Release|Any CPU
		{239314D5-218C-4946-A4FA-E542798CB622}.Release|x64.ActiveCfg = Release|Any CPU
		{239314D5-218C-4946-A4FA-E542798CB622}.Release|x64.Build.0 = Release|Any CPU
		{239314D5-218C-4946-A4FA-E542798CB622}.Release|x86.ActiveCfg = Release|Any CPU
		{239314D5-218C-4946-A4FA-E542798CB622}.Release|x86.Build.0 = Release|Any CPU
		{0382B90B-F346-40C5-9B80-F759887915EF}.Debug|Any CPU.ActiveCfg = Debug|Any CPU
		{0382B90B-F346-40C5-9B80-F759887915EF}.Debug|Any CPU.Build.0 = Debug|Any CPU
		{0382B90B-F346-40C5-9B80-F759887915EF}.Debug|x64.ActiveCfg = Debug|Any CPU
		{0382B90B-F346-40C5-9B80-F759887915EF}.Debug|x64.Build.0 = Debug|Any CPU
		{0382B90B-F346-40C5-9B80-F759887915EF}.Debug|x86.ActiveCfg = Debug|Any CPU
		{0382B90B-F346-40C5-9B80-F759887915EF}.Debug|x86.Build.0 = Debug|Any CPU
		{0382B90B-F346-40C5-9B80-F759887915EF}.Release|Any CPU.ActiveCfg = Release|Any CPU
		{0382B90B-F346-40C5-9B80-F759887915EF}.Release|Any CPU.Build.0 = Release|Any CPU
		{0382B90B-F346-40C5-9B80-F759887915EF}.Release|x64.ActiveCfg = Release|Any CPU
		{0382B90B-F346-40C5-9B80-F759887915EF}.Release|x64.Build.0 = Release|Any CPU
		{0382B90B-F346-40C5-9B80-F759887915EF}.Release|x86.ActiveCfg = Release|Any CPU
		{0382B90B-F346-40C5-9B80-F759887915EF}.Release|x86.Build.0 = Release|Any CPU
		{3BFD9C69-783A-4BE4-AB55-AF089113D0E6}.Debug|Any CPU.ActiveCfg = Debug|Any CPU
		{3BFD9C69-783A-4BE4-AB55-AF089113D0E6}.Debug|Any CPU.Build.0 = Debug|Any CPU
		{3BFD9C69-783A-4BE4-AB55-AF089113D0E6}.Debug|x64.ActiveCfg = Debug|Any CPU
		{3BFD9C69-783A-4BE4-AB55-AF089113D0E6}.Debug|x64.Build.0 = Debug|Any CPU
		{3BFD9C69-783A-4BE4-AB55-AF089113D0E6}.Debug|x86.ActiveCfg = Debug|Any CPU
		{3BFD9C69-783A-4BE4-AB55-AF089113D0E6}.Debug|x86.Build.0 = Debug|Any CPU
		{3BFD9C69-783A-4BE4-AB55-AF089113D0E6}.Release|Any CPU.ActiveCfg = Release|Any CPU
		{3BFD9C69-783A-4BE4-AB55-AF089113D0E6}.Release|Any CPU.Build.0 = Release|Any CPU
		{3BFD9C69-783A-4BE4-AB55-AF089113D0E6}.Release|x64.ActiveCfg = Release|Any CPU
		{3BFD9C69-783A-4BE4-AB55-AF089113D0E6}.Release|x64.Build.0 = Release|Any CPU
		{3BFD9C69-783A-4BE4-AB55-AF089113D0E6}.Release|x86.ActiveCfg = Release|Any CPU
		{3BFD9C69-783A-4BE4-AB55-AF089113D0E6}.Release|x86.Build.0 = Release|Any CPU
		{8179845F-C217-4B22-BB24-68CC54889AF8}.Debug|Any CPU.ActiveCfg = Debug|Any CPU
		{8179845F-C217-4B22-BB24-68CC54889AF8}.Debug|Any CPU.Build.0 = Debug|Any CPU
		{8179845F-C217-4B22-BB24-68CC54889AF8}.Debug|x64.ActiveCfg = Debug|Any CPU
		{8179845F-C217-4B22-BB24-68CC54889AF8}.Debug|x64.Build.0 = Debug|Any CPU
		{8179845F-C217-4B22-BB24-68CC54889AF8}.Debug|x86.ActiveCfg = Debug|Any CPU
		{8179845F-C217-4B22-BB24-68CC54889AF8}.Debug|x86.Build.0 = Debug|Any CPU
		{8179845F-C217-4B22-BB24-68CC54889AF8}.Release|Any CPU.ActiveCfg = Release|Any CPU
		{8179845F-C217-4B22-BB24-68CC54889AF8}.Release|Any CPU.Build.0 = Release|Any CPU
		{8179845F-C217-4B22-BB24-68CC54889AF8}.Release|x64.ActiveCfg = Release|Any CPU
		{8179845F-C217-4B22-BB24-68CC54889AF8}.Release|x64.Build.0 = Release|Any CPU
		{8179845F-C217-4B22-BB24-68CC54889AF8}.Release|x86.ActiveCfg = Release|Any CPU
		{8179845F-C217-4B22-BB24-68CC54889AF8}.Release|x86.Build.0 = Release|Any CPU
		{A3444C73-2245-44E9-AA14-A1C01719E8DD}.Debug|Any CPU.ActiveCfg = Debug|Any CPU
		{A3444C73-2245-44E9-AA14-A1C01719E8DD}.Debug|Any CPU.Build.0 = Debug|Any CPU
		{A3444C73-2245-44E9-AA14-A1C01719E8DD}.Debug|x64.ActiveCfg = Debug|Any CPU
		{A3444C73-2245-44E9-AA14-A1C01719E8DD}.Debug|x64.Build.0 = Debug|Any CPU
		{A3444C73-2245-44E9-AA14-A1C01719E8DD}.Debug|x86.ActiveCfg = Debug|Any CPU
		{A3444C73-2245-44E9-AA14-A1C01719E8DD}.Debug|x86.Build.0 = Debug|Any CPU
		{A3444C73-2245-44E9-AA14-A1C01719E8DD}.Release|Any CPU.ActiveCfg = Release|Any CPU
		{A3444C73-2245-44E9-AA14-A1C01719E8DD}.Release|Any CPU.Build.0 = Release|Any CPU
		{A3444C73-2245-44E9-AA14-A1C01719E8DD}.Release|x64.ActiveCfg = Release|Any CPU
		{A3444C73-2245-44E9-AA14-A1C01719E8DD}.Release|x64.Build.0 = Release|Any CPU
		{A3444C73-2245-44E9-AA14-A1C01719E8DD}.Release|x86.ActiveCfg = Release|Any CPU
		{A3444C73-2245-44E9-AA14-A1C01719E8DD}.Release|x86.Build.0 = Release|Any CPU
		{69DFE969-041D-4550-AE0D-9844EEA86B28}.Debug|Any CPU.ActiveCfg = Debug|Any CPU
		{69DFE969-041D-4550-AE0D-9844EEA86B28}.Debug|Any CPU.Build.0 = Debug|Any CPU
		{69DFE969-041D-4550-AE0D-9844EEA86B28}.Debug|x64.ActiveCfg = Debug|Any CPU
		{69DFE969-041D-4550-AE0D-9844EEA86B28}.Debug|x64.Build.0 = Debug|Any CPU
		{69DFE969-041D-4550-AE0D-9844EEA86B28}.Debug|x86.ActiveCfg = Debug|Any CPU
		{69DFE969-041D-4550-AE0D-9844EEA86B28}.Debug|x86.Build.0 = Debug|Any CPU
		{69DFE969-041D-4550-AE0D-9844EEA86B28}.Release|Any CPU.ActiveCfg = Release|Any CPU
		{69DFE969-041D-4550-AE0D-9844EEA86B28}.Release|Any CPU.Build.0 = Release|Any CPU
		{69DFE969-041D-4550-AE0D-9844EEA86B28}.Release|x64.ActiveCfg = Release|Any CPU
		{69DFE969-041D-4550-AE0D-9844EEA86B28}.Release|x64.Build.0 = Release|Any CPU
		{69DFE969-041D-4550-AE0D-9844EEA86B28}.Release|x86.ActiveCfg = Release|Any CPU
		{69DFE969-041D-4550-AE0D-9844EEA86B28}.Release|x86.Build.0 = Release|Any CPU
		{2508D1DC-0EE3-47B1-B9C7-2A3E73B14F59}.Debug|Any CPU.ActiveCfg = Debug|Any CPU
		{2508D1DC-0EE3-47B1-B9C7-2A3E73B14F59}.Debug|Any CPU.Build.0 = Debug|Any CPU
		{2508D1DC-0EE3-47B1-B9C7-2A3E73B14F59}.Debug|x64.ActiveCfg = Debug|Any CPU
		{2508D1DC-0EE3-47B1-B9C7-2A3E73B14F59}.Debug|x64.Build.0 = Debug|Any CPU
		{2508D1DC-0EE3-47B1-B9C7-2A3E73B14F59}.Debug|x86.ActiveCfg = Debug|Any CPU
		{2508D1DC-0EE3-47B1-B9C7-2A3E73B14F59}.Debug|x86.Build.0 = Debug|Any CPU
		{2508D1DC-0EE3-47B1-B9C7-2A3E73B14F59}.Release|Any CPU.ActiveCfg = Release|Any CPU
		{2508D1DC-0EE3-47B1-B9C7-2A3E73B14F59}.Release|Any CPU.Build.0 = Release|Any CPU
		{2508D1DC-0EE3-47B1-B9C7-2A3E73B14F59}.Release|x64.ActiveCfg = Release|Any CPU
		{2508D1DC-0EE3-47B1-B9C7-2A3E73B14F59}.Release|x64.Build.0 = Release|Any CPU
		{2508D1DC-0EE3-47B1-B9C7-2A3E73B14F59}.Release|x86.ActiveCfg = Release|Any CPU
		{2508D1DC-0EE3-47B1-B9C7-2A3E73B14F59}.Release|x86.Build.0 = Release|Any CPU
		{2A74C0A3-120A-4217-B7C8-D5BF4686983E}.Debug|Any CPU.ActiveCfg = Debug|Any CPU
		{2A74C0A3-120A-4217-B7C8-D5BF4686983E}.Debug|Any CPU.Build.0 = Debug|Any CPU
		{2A74C0A3-120A-4217-B7C8-D5BF4686983E}.Debug|x64.ActiveCfg = Debug|Any CPU
		{2A74C0A3-120A-4217-B7C8-D5BF4686983E}.Debug|x64.Build.0 = Debug|Any CPU
		{2A74C0A3-120A-4217-B7C8-D5BF4686983E}.Debug|x86.ActiveCfg = Debug|Any CPU
		{2A74C0A3-120A-4217-B7C8-D5BF4686983E}.Debug|x86.Build.0 = Debug|Any CPU
		{2A74C0A3-120A-4217-B7C8-D5BF4686983E}.Release|Any CPU.ActiveCfg = Release|Any CPU
		{2A74C0A3-120A-4217-B7C8-D5BF4686983E}.Release|Any CPU.Build.0 = Release|Any CPU
		{2A74C0A3-120A-4217-B7C8-D5BF4686983E}.Release|x64.ActiveCfg = Release|Any CPU
		{2A74C0A3-120A-4217-B7C8-D5BF4686983E}.Release|x64.Build.0 = Release|Any CPU
		{2A74C0A3-120A-4217-B7C8-D5BF4686983E}.Release|x86.ActiveCfg = Release|Any CPU
		{2A74C0A3-120A-4217-B7C8-D5BF4686983E}.Release|x86.Build.0 = Release|Any CPU
		{1701FC90-0BFE-4A5A-8981-0FE90E74070E}.Debug|Any CPU.ActiveCfg = Debug|Any CPU
		{1701FC90-0BFE-4A5A-8981-0FE90E74070E}.Debug|Any CPU.Build.0 = Debug|Any CPU
		{1701FC90-0BFE-4A5A-8981-0FE90E74070E}.Debug|x64.ActiveCfg = Debug|Any CPU
		{1701FC90-0BFE-4A5A-8981-0FE90E74070E}.Debug|x64.Build.0 = Debug|Any CPU
		{1701FC90-0BFE-4A5A-8981-0FE90E74070E}.Debug|x86.ActiveCfg = Debug|Any CPU
		{1701FC90-0BFE-4A5A-8981-0FE90E74070E}.Debug|x86.Build.0 = Debug|Any CPU
		{1701FC90-0BFE-4A5A-8981-0FE90E74070E}.Release|Any CPU.ActiveCfg = Release|Any CPU
		{1701FC90-0BFE-4A5A-8981-0FE90E74070E}.Release|Any CPU.Build.0 = Release|Any CPU
		{1701FC90-0BFE-4A5A-8981-0FE90E74070E}.Release|x64.ActiveCfg = Release|Any CPU
		{1701FC90-0BFE-4A5A-8981-0FE90E74070E}.Release|x64.Build.0 = Release|Any CPU
		{1701FC90-0BFE-4A5A-8981-0FE90E74070E}.Release|x86.ActiveCfg = Release|Any CPU
		{1701FC90-0BFE-4A5A-8981-0FE90E74070E}.Release|x86.Build.0 = Release|Any CPU
		{60FAEDA6-9B1F-4238-A542-D72FFB16A3EA}.Debug|Any CPU.ActiveCfg = Debug|Any CPU
		{60FAEDA6-9B1F-4238-A542-D72FFB16A3EA}.Debug|Any CPU.Build.0 = Debug|Any CPU
		{60FAEDA6-9B1F-4238-A542-D72FFB16A3EA}.Debug|x64.ActiveCfg = Debug|Any CPU
		{60FAEDA6-9B1F-4238-A542-D72FFB16A3EA}.Debug|x64.Build.0 = Debug|Any CPU
		{60FAEDA6-9B1F-4238-A542-D72FFB16A3EA}.Debug|x86.ActiveCfg = Debug|Any CPU
		{60FAEDA6-9B1F-4238-A542-D72FFB16A3EA}.Debug|x86.Build.0 = Debug|Any CPU
		{60FAEDA6-9B1F-4238-A542-D72FFB16A3EA}.Release|Any CPU.ActiveCfg = Release|Any CPU
		{60FAEDA6-9B1F-4238-A542-D72FFB16A3EA}.Release|Any CPU.Build.0 = Release|Any CPU
		{60FAEDA6-9B1F-4238-A542-D72FFB16A3EA}.Release|x64.ActiveCfg = Release|Any CPU
		{60FAEDA6-9B1F-4238-A542-D72FFB16A3EA}.Release|x64.Build.0 = Release|Any CPU
		{60FAEDA6-9B1F-4238-A542-D72FFB16A3EA}.Release|x86.ActiveCfg = Release|Any CPU
		{60FAEDA6-9B1F-4238-A542-D72FFB16A3EA}.Release|x86.Build.0 = Release|Any CPU
	EndGlobalSection
	GlobalSection(SolutionProperties) = preSolution
		HideSolutionNode = FALSE
	EndGlobalSection
	GlobalSection(NestedProjects) = preSolution
		{F7069733-8BF7-436E-A40F-8698DE876433} = {0DCD476A-4403-6650-C269-41A447A0F790}
		{CAE5300A-F010-458F-80FF-35DF2769F344} = {0DCD476A-4403-6650-C269-41A447A0F790}
		{239314D5-218C-4946-A4FA-E542798CB622} = {0DCD476A-4403-6650-C269-41A447A0F790}
		{0382B90B-F346-40C5-9B80-F759887915EF} = {0DCD476A-4403-6650-C269-41A447A0F790}
		{3BFD9C69-783A-4BE4-AB55-AF089113D0E6} = {0DCD476A-4403-6650-C269-41A447A0F790}
		{8179845F-C217-4B22-BB24-68CC54889AF8} = {0DCD476A-4403-6650-C269-41A447A0F790}
		{A3444C73-2245-44E9-AA14-A1C01719E8DD} = {0DCD476A-4403-6650-C269-41A447A0F790}
		{69DFE969-041D-4550-AE0D-9844EEA86B28} = {0DCD476A-4403-6650-C269-41A447A0F790}
		{2508D1DC-0EE3-47B1-B9C7-2A3E73B14F59} = {0DCD476A-4403-6650-C269-41A447A0F790}
		{2A74C0A3-120A-4217-B7C8-D5BF4686983E} = {0DCD476A-4403-6650-C269-41A447A0F790}
		{1701FC90-0BFE-4A5A-8981-0FE90E74070E} = {0DCD476A-4403-6650-C269-41A447A0F790}
		{60FAEDA6-9B1F-4238-A542-D72FFB16A3EA} = {0DCD476A-4403-6650-C269-41A447A0F790}
	EndGlobalSection
EndGlobal
